schema: '2.0'
stages:
  preprocess:
    cmd: python src/preprocess.py
    deps:
    - path: data/raw/data.csv
      hash: md5
      md5: 739f3c9177b13d1c15aa060046cfb023
      size: 23872
    - path: src/preprocess.py
      hash: md5
      md5: c95df3d50111707b01bbfbe42c57ea2d
      size: 515
    params:
      params.yaml:
        preprocess.input: data/raw/data.csv
        preprocess.output: data/preprocess/data.csv
    outs:
    - path: data/preprocess/data.csv
      hash: md5
      md5: 3302275bc664f0b6997d36afecabe090
      size: 23874
  train:
    cmd: python src/train.py
    deps:
    - path: data/raw/data.csv
      hash: md5
      md5: 739f3c9177b13d1c15aa060046cfb023
      size: 23872
    - path: src/train.py
      hash: md5
      md5: 70b3bc5d657040613113ec47ba256d52
      size: 3486
    params:
      params.yaml:
        train.data: data/raw/data.csv
        train.max_depth: 5
        train.model: models/model.pkl
        train.n_estimators: 100
        train.random_state: 42
    outs:
    - path: models/model.pkl
      hash: md5
      md5: 1b9d2cc3d49b92717267410518342cb0
      size: 3405462
